
Microsoft Visual Studio Solution File, Format Version 12.00
# Visual Studio Version 17
VisualStudioVersion = 17.0.31903.59
MinimumVisualStudioVersion = 10.0.40219.1
Project("{FAE04EC0-301F-11D3-BF4B-00C04F79EFBC}") = "Rig2Cast.Abstractions", "src\Rig2Cast.Abstractions\Rig2Cast.Abstractions.csproj", "{E5257A19-8EF0-489E-9619-92C4AA02763D}"
EndProject
Project("{FAE04EC0-301F-11D3-BF4B-00C04F79EFBC}") = "Rig2Cast.Core", "src\Rig2Cast.Core\Rig2Cast.Core.csproj", "{2512FE38-482E-46F6-9F04-9005A211A389}"
EndProject
Project("{FAE04EC0-301F-11D3-BF4B-00C04F79EFBC}") = "Rig2Cast.Runtime", "src\Rig2Cast.Runtime\Rig2Cast.Runtime.csproj", "{A30182F0-5258-4DD3-998B-1BC6A1D983B2}"
EndProject
Project("{FAE04EC0-301F-11D3-BF4B-00C04F79EFBC}") = "Rig2Cast.Transports", "src\Rig2Cast.Transports\Rig2Cast.Transports.csproj", "{F59345F5-9346-4F25-947C-0408D96EB6D8}"
EndProject
Project("{FAE04EC0-301F-11D3-BF4B-00C04F79EFBC}") = "Rig2Cast.PluginHost", "src\Rig2Cast.PluginHost\Rig2Cast.PluginHost.csproj", "{0F0EF8B4-CC03-4225-A82D-B5E6901DA52A}"
EndProject
Project("{FAE04EC0-301F-11D3-BF4B-00C04F79EFBC}") = "Rig2Cast.Simulator", "src\Rig2Cast.Simulator\Rig2Cast.Simulator.csproj", "{3E6CA12B-3D96-4818-BC1F-B94568F48A84}"
EndProject
Project("{FAE04EC0-301F-11D3-BF4B-00C04F79EFBC}") = "Rig2Cast.Drivers.Yaesu", "src\Rig2Cast.Drivers.Yaesu\Rig2Cast.Drivers.Yaesu.csproj", "{1FA7716B-B4E4-4696-8861-6ED7327DA4DF}"
EndProject
Project("{FAE04EC0-301F-11D3-BF4B-00C04F79EFBC}") = "Rig2Cast.Server", "src\Rig2Cast.Server\Rig2Cast.Server.csproj", "{35F1F15F-75C3-45C5-B67D-A69EE078D6CE}"
EndProject
Project("{2150E333-8FDC-42A3-9474-1A3956D46DE8}") = "tests", "tests", "{0AB3BF05-4346-4AA6-1389-037BE0695223}"
EndProject
Project("{FAE04EC0-301F-11D3-BF4B-00C04F79EFBC}") = "Rig2Cast.Runtime.Tests", "tests\Rig2Cast.Runtime.Tests\Rig2Cast.Runtime.Tests.csproj", "{7EE8C0E7-4CB7-4B40-B911-093797666D84}"
EndProject
Project("{FAE04EC0-301F-11D3-BF4B-00C04F79EFBC}") = "Rig2Cast.Demo", "samples\Rig2Cast.Demo\Rig2Cast.Demo.csproj", "{A1769E8A-63F7-4813-966E-830E6CF9A7A8}"
EndProject
Project("{2150E333-8FDC-42A3-9474-1A3956D46DE8}") = "samples", "samples", "{5D20AA90-6969-D8BD-9DCD-8634F4692FDA}"
EndProject
Project("{FAE04EC0-301F-11D3-BF4B-00C04F79EFBC}") = "Rig2Cast.Ftdx10Smoke", "samples\Rig2Cast.Ftdx10Smoke\Rig2Cast.Ftdx10Smoke.csproj", "{59EC57C5-70FC-4006-9F3C-797B0512223D}"
EndProject
Project("{FAE04EC0-301F-11D3-BF4B-00C04F79EFBC}") = "Rig2Cast.Console", "samples\Rig2Cast.Console\Rig2Cast.Console.csproj", "{9CC80FD9-3F2A-4BCF-93FB-71B9F2AC1FDF}"
EndProject
Project("{2150E333-8FDC-42A3-9474-1A3956D46DE8}") = "adapters", "adapters", "{09DF2EE5-5FE7-3EC7-59CB-CAD7E0928979}"
EndProject
Project("{FAE04EC0-301F-11D3-BF4B-00C04F79EFBC}") = "Rig2Cast.Adapters.Rigctld", "src\Rig2Cast.Adapters.Rigctld\Rig2Cast.Adapters.Rigctld.csproj", "{A3B4D149-ED75-4F09-B37C-738E0C05F6B5}"
EndProject
Project("{FAE04EC0-301F-11D3-BF4B-00C04F79EFBC}") = "Rig2Cast.RigctldHost", "samples\Rig2Cast.RigctldHost\Rig2Cast.RigctldHost.csproj", "{A88AF081-D9A5-4A9D-B391-86DECE83284A}"
EndProject
Project("{2150E333-8FDC-42A3-9474-1A3956D46DE8}") = "src", "src", "{827E0CD3-B72D-47B6-A68D-7590B98EB39B}"
EndProject
Project("{FAE04EC0-301F-11D3-BF4B-00C04F79EFBC}") = "Rig2Cast.Drivers.Elecraft", "src\Rig2Cast.Drivers.Elecraft\Rig2Cast.Drivers.Elecraft.csproj", "{BC3F868A-7732-48C0-824A-A2C3BD613873}"
EndProject
Project("{FAE04EC0-301F-11D3-BF4B-00C04F79EFBC}") = "Rig2Cast.Protocols", "src\Rig2Cast.Protocols\Rig2Cast.Protocols.csproj", "{F90478AE-EFA1-4CBE-8121-D30230C7ABB5}"
EndProject
Project("{FAE04EC0-301F-11D3-BF4B-00C04F79EFBC}") = "Rig2Cast.Drivers.Icom", "src\Rig2Cast.Drivers.Icom\Rig2Cast.Drivers.Icom.csproj", "{62CCD06F-E9AB-4C7D-9302-E32F73548732}"
EndProject
Global
	GlobalSection(SolutionConfigurationPlatforms) = preSolution
		Debug|Any CPU = Debug|Any CPU
		Debug|x64 = Debug|x64
		Debug|x86 = Debug|x86
		Release|Any CPU = Release|Any CPU
		Release|x64 = Release|x64
		Release|x86 = Release|x86
	EndGlobalSection
	GlobalSection(ProjectConfigurationPlatforms) = postSolution
		{E5257A19-8EF0-489E-9619-92C4AA02763D}.Debug|Any CPU.ActiveCfg = Debug|Any CPU
		{E5257A19-8EF0-489E-9619-92C4AA02763D}.Debug|Any CPU.Build.0 = Debug|Any CPU
		{E5257A19-8EF0-489E-9619-92C4AA02763D}.Debug|x64.ActiveCfg = Debug|Any CPU
		{E5257A19-8EF0-489E-9619-92C4AA02763D}.Debug|x64.Build.0 = Debug|Any CPU
		{E5257A19-8EF0-489E-9619-92C4AA02763D}.Debug|x86.ActiveCfg = Debug|Any CPU
		{E5257A19-8EF0-489E-9619-92C4AA02763D}.Debug|x86.Build.0 = Debug|Any CPU
		{E5257A19-8EF0-489E-9619-92C4AA02763D}.Release|Any CPU.ActiveCfg = Release|Any CPU
		{E5257A19-8EF0-489E-9619-92C4AA02763D}.Release|Any CPU.Build.0 = Release|Any CPU
		{E5257A19-8EF0-489E-9619-92C4AA02763D}.Release|x64.ActiveCfg = Release|Any CPU
		{E5257A19-8EF0-489E-9619-92C4AA02763D}.Release|x64.Build.0 = Release|Any CPU
		{E5257A19-8EF0-489E-9619-92C4AA02763D}.Release|x86.ActiveCfg = Release|Any CPU
		{E5257A19-8EF0-489E-9619-92C4AA02763D}.Release|x86.Build.0 = Release|Any CPU
		{2512FE38-482E-46F6-9F04-9005A211A389}.Debug|Any CPU.ActiveCfg = Debug|Any CPU
		{2512FE38-482E-46F6-9F04-9005A211A389}.Debug|Any CPU.Build.0 = Debug|Any CPU
		{2512FE38-482E-46F6-9F04-9005A211A389}.Debug|x64.ActiveCfg = Debug|Any CPU
		{2512FE38-482E-46F6-9F04-9005A211A389}.Debug|x64.Build.0 = Debug|Any CPU
		{2512FE38-482E-46F6-9F04-9005A211A389}.Debug|x86.ActiveCfg = Debug|Any CPU
		{2512FE38-482E-46F6-9F04-9005A211A389}.Debug|x86.Build.0 = Debug|Any CPU
		{2512FE38-482E-46F6-9F04-9005A211A389}.Release|Any CPU.ActiveCfg = Release|Any CPU
		{2512FE38-482E-46F6-9F04-9005A211A389}.Release|Any CPU.Build.0 = Release|Any CPU
		{2512FE38-482E-46F6-9F04-9005A211A389}.Release|x64.ActiveCfg = Release|Any CPU
		{2512FE38-482E-46F6-9F04-9005A211A389}.Release|x64.Build.0 = Release|Any CPU
		{2512FE38-482E-46F6-9F04-9005A211A389}.Release|x86.ActiveCfg = Release|Any CPU
		{2512FE38-482E-46F6-9F04-9005A211A389}.Release|x86.Build.0 = Release|Any CPU
		{A30182F0-5258-4DD3-998B-1BC6A1D983B2}.Debug|Any CPU.ActiveCfg = Debug|Any CPU
		{A30182F0-5258-4DD3-998B-1BC6A1D983B2}.Debug|Any CPU.Build.0 = Debug|Any CPU
		{A30182F0-5258-4DD3-998B-1BC6A1D983B2}.Debug|x64.ActiveCfg = Debug|Any CPU
		{A30182F0-5258-4DD3-998B-1BC6A1D983B2}.Debug|x64.Build.0 = Debug|Any CPU
		{A30182F0-5258-4DD3-998B-1BC6A1D983B2}.Debug|x86.ActiveCfg = Debug|Any CPU
		{A30182F0-5258-4DD3-998B-1BC6A1D983B2}.Debug|x86.Build.0 = Debug|Any CPU
		{A30182F0-5258-4DD3-998B-1BC6A1D983B2}.Release|Any CPU.ActiveCfg = Release|Any CPU
		{A30182F0-5258-4DD3-998B-1BC6A1D983B2}.Release|Any CPU.Build.0 = Release|Any CPU
		{A30182F0-5258-4DD3-998B-1BC6A1D983B2}.Release|x64.ActiveCfg = Release|Any CPU
		{A30182F0-5258-4DD3-998B-1BC6A1D983B2}.Release|x64.Build.0 = Release|Any CPU
		{A30182F0-5258-4DD3-998B-1BC6A1D983B2}.Release|x86.ActiveCfg = Release|Any CPU
		{A30182F0-5258-4DD3-998B-1BC6A1D983B2}.Release|x86.Build.0 = Release|Any CPU
		{F59345F5-9346-4F25-947C-0408D96EB6D8}.Debug|Any CPU.ActiveCfg = Debug|Any CPU
		{F59345F5-9346-4F25-947C-0408D96EB6D8}.Debug|Any CPU.Build.0 = Debug|Any CPU
		{F59345F5-9346-4F25-947C-0408D96EB6D8}.Debug|x64.ActiveCfg = Debug|Any CPU
		{F59345F5-9346-4F25-947C-0408D96EB6D8}.Debug|x64.Build.0 = Debug|Any CPU
		{F59345F5-9346-4F25-947C-0408D96EB6D8}.Debug|x86.ActiveCfg = Debug|Any CPU
		{F59345F5-9346-4F25-947C-0408D96EB6D8}.Debug|x86.Build.0 = Debug|Any CPU
		{F59345F5-9346-4F25-947C-0408D96EB6D8}.Release|Any CPU.ActiveCfg = Release|Any CPU
		{F59345F5-9346-4F25-947C-0408D96EB6D8}.Release|Any CPU.Build.0 = Release|Any CPU
		{F59345F5-9346-4F25-947C-0408D96EB6D8}.Release|x64.ActiveCfg = Release|Any CPU
		{F59345F5-9346-4F25-947C-0408D96EB6D8}.Release|x64.Build.0 = Release|Any CPU
		{F59345F5-9346-4F25-947C-0408D96EB6D8}.Release|x86.ActiveCfg = Release|Any CPU
		{F59345F5-9346-4F25-947C-0408D96EB6D8}.Release|x86.Build.0 = Release|Any CPU
		{0F0EF8B4-CC03-4225-A82D-B5E6901DA52A}.Debug|Any CPU.ActiveCfg = Debug|Any CPU
		{0F0EF8B4-CC03-4225-A82D-B5E6901DA52A}.Debug|Any CPU.Build.0 = Debug|Any CPU
		{0F0EF8B4-CC03-4225-A82D-B5E6901DA52A}.Debug|x64.ActiveCfg = Debug|Any CPU
		{0F0EF8B4-CC03-4225-A82D-B5E6901DA52A}.Debug|x64.Build.0 = Debug|Any CPU
		{0F0EF8B4-CC03-4225-A82D-B5E6901DA52A}.Debug|x86.ActiveCfg = Debug|Any CPU
		{0F0EF8B4-CC03-4225-A82D-B5E6901DA52A}.Debug|x86.Build.0 = Debug|Any CPU
		{0F0EF8B4-CC03-4225-A82D-B5E6901DA52A}.Release|Any CPU.ActiveCfg = Release|Any CPU
		{0F0EF8B4-CC03-4225-A82D-B5E6901DA52A}.Release|Any CPU.Build.0 = Release|Any CPU
		{0F0EF8B4-CC03-4225-A82D-B5E6901DA52A}.Release|x64.ActiveCfg = Release|Any CPU
		{0F0EF8B4-CC03-4225-A82D-B5E6901DA52A}.Release|x64.Build.0 = Release|Any CPU
		{0F0EF8B4-CC03-4225-A82D-B5E6901DA52A}.Release|x86.ActiveCfg = Release|Any CPU
		{0F0EF8B4-CC03-4225-A82D-B5E6901DA52A}.Release|x86.Build.0 = Release|Any CPU
		{3E6CA12B-3D96-4818-BC1F-B94568F48A84}.Debug|Any CPU.ActiveCfg = Debug|Any CPU
		{3E6CA12B-3D96-4818-BC1F-B94568F48A84}.Debug|Any CPU.Build.0 = Debug|Any CPU
		{3E6CA12B-3D96-4818-BC1F-B94568F48A84}.Debug|x64.ActiveCfg = Debug|Any CPU
		{3E6CA12B-3D96-4818-BC1F-B94568F48A84}.Debug|x64.Build.0 = Debug|Any CPU
		{3E6CA12B-3D96-4818-BC1F-B94568F48A84}.Debug|x86.ActiveCfg = Debug|Any CPU
		{3E6CA12B-3D96-4818-BC1F-B94568F48A84}.Debug|x86.Build.0 = Debug|Any CPU
		{3E6CA12B-3D96-4818-BC1F-B94568F48A84}.Release|Any CPU.ActiveCfg = Release|Any CPU
		{3E6CA12B-3D96-4818-BC1F-B94568F48A84}.Release|Any CPU.Build.0 = Release|Any CPU
		{3E6CA12B-3D96-4818-BC1F-B94568F48A84}.Release|x64.ActiveCfg = Release|Any CPU
		{3E6CA12B-3D96-4818-BC1F-B94568F48A84}.Release|x64.Build.0 = Release|Any CPU
		{3E6CA12B-3D96-4818-BC1F-B94568F48A84}.Release|x86.ActiveCfg = Release|Any CPU
		{3E6CA12B-3D96-4818-BC1F-B94568F48A84}.Release|x86.Build.0 = Release|Any CPU
		{1FA7716B-B4E4-4696-8861-6ED7327DA4DF}.Debug|Any CPU.ActiveCfg = Debug|Any CPU
		{1FA7716B-B4E4-4696-8861-6ED7327DA4DF}.Debug|Any CPU.Build.0 = Debug|Any CPU
		{1FA7716B-B4E4-4696-8861-6ED7327DA4DF}.Debug|x64.ActiveCfg = Debug|Any CPU
		{1FA7716B-B4E4-4696-8861-6ED7327DA4DF}.Debug|x64.Build.0 = Debug|Any CPU
		{1FA7716B-B4E4-4696-8861-6ED7327DA4DF}.Debug|x86.ActiveCfg = Debug|Any CPU
		{1FA7716B-B4E4-4696-8861-6ED7327DA4DF}.Debug|x86.Build.0 = Debug|Any CPU
		{1FA7716B-B4E4-4696-8861-6ED7327DA4DF}.Release|Any CPU.ActiveCfg = Release|Any CPU
		{1FA7716B-B4E4-4696-8861-6ED7327DA4DF}.Release|Any CPU.Build.0 = Release|Any CPU
		{1FA7716B-B4E4-4696-8861-6ED7327DA4DF}.Release|x64.ActiveCfg = Release|Any CPU
		{1FA7716B-B4E4-4696-8861-6ED7327DA4DF}.Release|x64.Build.0 = Release|Any CPU
		{1FA7716B-B4E4-4696-8861-6ED7327DA4DF}.Release|x86.ActiveCfg = Release|Any CPU
		{1FA7716B-B4E4-4696-8861-6ED7327DA4DF}.Release|x86.Build.0 = Release|Any CPU
		{35F1F15F-75C3-45C5-B67D-A69EE078D6CE}.Debug|Any CPU.ActiveCfg = Debug|Any CPU
		{35F1F15F-75C3-45C5-B67D-A69EE078D6CE}.Debug|Any CPU.Build.0 = Debug|Any CPU
		{35F1F15F-75C3-45C5-B67D-A69EE078D6CE}.Debug|x64.ActiveCfg = Debug|Any CPU
		{35F1F15F-75C3-45C5-B67D-A69EE078D6CE}.Debug|x64.Build.0 = Debug|Any CPU
		{35F1F15F-75C3-45C5-B67D-A69EE078D6CE}.Debug|x86.ActiveCfg = Debug|Any CPU
		{35F1F15F-75C3-45C5-B67D-A69EE078D6CE}.Debug|x86.Build.0 = Debug|Any CPU
		{35F1F15F-75C3-45C5-B67D-A69EE078D6CE}.Release|Any CPU.ActiveCfg = Release|Any CPU
		{35F1F15F-75C3-45C5-B67D-A69EE078D6CE}.Release|Any CPU.Build.0 = Release|Any CPU
		{35F1F15F-75C3-45C5-B67D-A69EE078D6CE}.Release|x64.ActiveCfg = Release|Any CPU
		{35F1F15F-75C3-45C5-B67D-A69EE078D6CE}.Release|x64.Build.0 = Release|Any CPU
		{35F1F15F-75C3-45C5-B67D-A69EE078D6CE}.Release|x86.ActiveCfg = Release|Any CPU
		{35F1F15F-75C3-45C5-B67D-A69EE078D6CE}.Release|x86.Build.0 = Release|Any CPU
		{7EE8C0E7-4CB7-4B40-B911-093797666D84}.Debug|Any CPU.ActiveCfg = Debug|Any CPU
		{7EE8C0E7-4CB7-4B40-B911-093797666D84}.Debug|Any CPU.Build.0 = Debug|Any CPU
		{7EE8C0E7-4CB7-4B40-B911-093797666D84}.Debug|x64.ActiveCfg = Debug|Any CPU
		{7EE8C0E7-4CB7-4B40-B911-093797666D84}.Debug|x64.Build.0 = Debug|Any CPU
		{7EE8C0E7-4CB7-4B40-B911-093797666D84}.Debug|x86.ActiveCfg = Debug|Any CPU
		{7EE8C0E7-4CB7-4B40-B911-093797666D84}.Debug|x86.Build.0 = Debug|Any CPU
		{7EE8C0E7-4CB7-4B40-B911-093797666D84}.Release|Any CPU.ActiveCfg = Release|Any CPU
		{7EE8C0E7-4CB7-4B40-B911-093797666D84}.Release|Any CPU.Build.0 = Release|Any CPU
		{7EE8C0E7-4CB7-4B40-B911-093797666D84}.Release|x64.ActiveCfg = Release|Any CPU
		{7EE8C0E7-4CB7-4B40-B911-093797666D84}.Release|x64.Build.0 = Release|Any CPU
		{7EE8C0E7-4CB7-4B40-B911-093797666D84}.Release|x86.ActiveCfg = Release|Any CPU
		{7EE8C0E7-4CB7-4B40-B911-093797666D84}.Release|x86.Build.0 = Release|Any CPU
		{A1769E8A-63F7-4813-966E-830E6CF9A7A8}.Debug|Any CPU.ActiveCfg = Debug|Any CPU
		{A1769E8A-63F7-4813-966E-830E6CF9A7A8}.Debug|Any CPU.Build.0 = Debug|Any CPU
		{A1769E8A-63F7-4813-966E-830E6CF9A7A8}.Debug|x64.ActiveCfg = Debug|Any CPU
		{A1769E8A-63F7-4813-966E-830E6CF9A7A8}.Debug|x64.Build.0 = Debug|Any CPU
		{A1769E8A-63F7-4813-966E-830E6CF9A7A8}.Debug|x86.ActiveCfg = Debug|Any CPU
		{A1769E8A-63F7-4813-966E-830E6CF9A7A8}.Debug|x86.Build.0 = Debug|Any CPU
		{A1769E8A-63F7-4813-966E-830E6CF9A7A8}.Release|Any CPU.ActiveCfg = Release|Any CPU
		{A1769E8A-63F7-4813-966E-830E6CF9A7A8}.Release|Any CPU.Build.0 = Release|Any CPU
		{A1769E8A-63F7-4813-966E-830E6CF9A7A8}.Release|x64.ActiveCfg = Release|Any CPU
		{A1769E8A-63F7-4813-966E-830E6CF9A7A8}.Release|x64.Build.0 = Release|Any CPU
		{A1769E8A-63F7-4813-966E-830E6CF9A7A8}.Release|x86.ActiveCfg = Release|Any CPU
		{A1769E8A-63F7-4813-966E-830E6CF9A7A8}.Release|x86.Build.0 = Release|Any CPU
		{59EC57C5-70FC-4006-9F3C-797B0512223D}.Debug|Any CPU.ActiveCfg = Debug|Any CPU
		{59EC57C5-70FC-4006-9F3C-797B0512223D}.Debug|Any CPU.Build.0 = Debug|Any CPU
		{59EC57C5-70FC-4006-9F3C-797B0512223D}.Debug|x64.ActiveCfg = Debug|Any CPU
		{59EC57C5-70FC-4006-9F3C-797B0512223D}.Debug|x64.Build.0 = Debug|Any CPU
		{59EC57C5-70FC-4006-9F3C-797B0512223D}.Debug|x86.ActiveCfg = Debug|Any CPU
		{59EC57C5-70FC-4006-9F3C-797B0512223D}.Debug|x86.Build.0 = Debug|Any CPU
		{59EC57C5-70FC-4006-9F3C-797B0512223D}.Release|Any CPU.ActiveCfg = Release|Any CPU
		{59EC57C5-70FC-4006-9F3C-797B0512223D}.Release|Any CPU.Build.0 = Release|Any CPU
		{59EC57C5-70FC-4006-9F3C-797B0512223D}.Release|x64.ActiveCfg = Release|Any CPU
		{59EC57C5-70FC-4006-9F3C-797B0512223D}.Release|x64.Build.0 = Release|Any CPU
		{59EC57C5-70FC-4006-9F3C-797B0512223D}.Release|x86.ActiveCfg = Release|Any CPU
		{59EC57C5-70FC-4006-9F3C-797B0512223D}.Release|x86.Build.0 = Release|Any CPU
		{9CC80FD9-3F2A-4BCF-93FB-71B9F2AC1FDF}.Debug|Any CPU.ActiveCfg = Debug|Any CPU
		{9CC80FD9-3F2A-4BCF-93FB-71B9F2AC1FDF}.Debug|Any CPU.Build.0 = Debug|Any CPU
		{9CC80FD9-3F2A-4BCF-93FB-71B9F2AC1FDF}.Debug|x64.ActiveCfg = Debug|Any CPU
		{9CC80FD9-3F2A-4BCF-93FB-71B9F2AC1FDF}.Debug|x64.Build.0 = Debug|Any CPU
		{9CC80FD9-3F2A-4BCF-93FB-71B9F2AC1FDF}.Debug|x86.ActiveCfg = Debug|Any CPU
		{9CC80FD9-3F2A-4BCF-93FB-71B9F2AC1FDF}.Debug|x86.Build.0 = Debug|Any CPU
		{9CC80FD9-3F2A-4BCF-93FB-71B9F2AC1FDF}.Release|Any CPU.ActiveCfg = Release|Any CPU
		{9CC80FD9-3F2A-4BCF-93FB-71B9F2AC1FDF}.Release|Any CPU.Build.0 = Release|Any CPU
		{9CC80FD9-3F2A-4BCF-93FB-71B9F2AC1FDF}.Release|x64.ActiveCfg = Release|Any CPU
		{9CC80FD9-3F2A-4BCF-93FB-71B9F2AC1FDF}.Release|x64.Build.0 = Release|Any CPU
		{9CC80FD9-3F2A-4BCF-93FB-71B9F2AC1FDF}.Release|x86.ActiveCfg = Release|Any CPU
		{9CC80FD9-3F2A-4BCF-93FB-71B9F2AC1FDF}.Release|x86.Build.0 = Release|Any CPU
		{A3B4D149-ED75-4F09-B37C-738E0C05F6B5}.Debug|Any CPU.ActiveCfg = Debug|Any CPU
		{A3B4D149-ED75-4F09-B37C-738E0C05F6B5}.Debug|Any CPU.Build.0 = Debug|Any CPU
		{A3B4D149-ED75-4F09-B37C-738E0C05F6B5}.Debug|x64.ActiveCfg = Debug|Any CPU
		{A3B4D149-ED75-4F09-B37C-738E0C05F6B5}.Debug|x64.Build.0 = Debug|Any CPU
		{A3B4D149-ED75-4F09-B37C-738E0C05F6B5}.Debug|x86.ActiveCfg = Debug|Any CPU
		{A3B4D149-ED75-4F09-B37C-738E0C05F6B5}.Debug|x86.Build.0 = Debug|Any CPU
		{A3B4D149-ED75-4F09-B37C-738E0C05F6B5}.Release|Any CPU.ActiveCfg = Release|Any CPU
		{A3B4D149-ED75-4F09-B37C-738E0C05F6B5}.Release|Any CPU.Build.0 = Release|Any CPU
		{A3B4D149-ED75-4F09-B37C-738E0C05F6B5}.Release|x64.ActiveCfg = Release|Any CPU
		{A3B4D149-ED75-4F09-B37C-738E0C05F6B5}.Release|x64.Build.0 = Release|Any CPU
		{A3B4D149-ED75-4F09-B37C-738E0C05F6B5}.Release|x86.ActiveCfg = Release|Any CPU
		{A3B4D149-ED75-4F09-B37C-738E0C05F6B5}.Release|x86.Build.0 = Release|Any CPU
		{A88AF081-D9A5-4A9D-B391-86DECE83284A}.Debug|Any CPU.ActiveCfg = Debug|Any CPU
		{A88AF081-D9A5-4A9D-B391-86DECE83284A}.Debug|Any CPU.Build.0 = Debug|Any CPU
		{A88AF081-D9A5-4A9D-B391-86DECE83284A}.Debug|x64.ActiveCfg = Debug|Any CPU
		{A88AF081-D9A5-4A9D-B391-86DECE83284A}.Debug|x64.Build.0 = Debug|Any CPU
		{A88AF081-D9A5-4A9D-B391-86DECE83284A}.Debug|x86.ActiveCfg = Debug|Any CPU
		{A88AF081-D9A5-4A9D-B391-86DECE83284A}.Debug|x86.Build.0 = Debug|Any CPU
		{A88AF081-D9A5-4A9D-B391-86DECE83284A}.Release|Any CPU.ActiveCfg = Release|Any CPU
		{A88AF081-D9A5-4A9D-B391-86DECE83284A}.Release|Any CPU.Build.0 = Release|Any CPU
		{A88AF081-D9A5-4A9D-B391-86DECE83284A}.Release|x64.ActiveCfg = Release|Any CPU
		{A88AF081-D9A5-4A9D-B391-86DECE83284A}.Release|x64.Build.0 = Release|Any CPU
		{A88AF081-D9A5-4A9D-B391-86DECE83284A}.Release|x86.ActiveCfg = Release|Any CPU
		{A88AF081-D9A5-4A9D-B391-86DECE83284A}.Release|x86.Build.0 = Release|Any CPU
		{BC3F868A-7732-48C0-824A-A2C3BD613873}.Debug|Any CPU.ActiveCfg = Debug|Any CPU
		{BC3F868A-7732-48C0-824A-A2C3BD613873}.Debug|Any CPU.Build.0 = Debug|Any CPU
		{BC3F868A-7732-48C0-824A-A2C3BD613873}.Debug|x64.ActiveCfg = Debug|Any CPU
		{BC3F868A-7732-48C0-824A-A2C3BD613873}.Debug|x64.Build.0 = Debug|Any CPU
		{BC3F868A-7732-48C0-824A-A2C3BD613873}.Debug|x86.ActiveCfg = Debug|Any CPU
		{BC3F868A-7732-48C0-824A-A2C3BD613873}.Debug|x86.Build.0 = Debug|Any CPU
		{BC3F868A-7732-48C0-824A-A2C3BD613873}.Release|Any CPU.ActiveCfg = Release|Any CPU
		{BC3F868A-7732-48C0-824A-A2C3BD613873}.Release|Any CPU.Build.0 = Release|Any CPU
		{BC3F868A-7732-48C0-824A-A2C3BD613873}.Release|x64.ActiveCfg = Release|Any CPU
		{BC3F868A-7732-48C0-824A-A2C3BD613873}.Release|x64.Build.0 = Release|Any CPU
		{BC3F868A-7732-48C0-824A-A2C3BD613873}.Release|x86.ActiveCfg = Release|Any CPU
		{BC3F868A-7732-48C0-824A-A2C3BD613873}.Release|x86.Build.0 = Release|Any CPU
		{F90478AE-EFA1-4CBE-8121-D30230C7ABB5}.Debug|Any CPU.ActiveCfg = Debug|Any CPU
		{F90478AE-EFA1-4CBE-8121-D30230C7ABB5}.Debug|Any CPU.Build.0 = Debug|Any CPU
		{F90478AE-EFA1-4CBE-8121-D30230C7ABB5}.Debug|x64.ActiveCfg = Debug|Any CPU
		{F90478AE-EFA1-4CBE-8121-D30230C7ABB5}.Debug|x64.Build.0 = Debug|Any CPU
		{F90478AE-EFA1-4CBE-8121-D30230C7ABB5}.Debug|x86.ActiveCfg = Debug|Any CPU
		{F90478AE-EFA1-4CBE-8121-D30230C7ABB5}.Debug|x86.Build.0 = Debug|Any CPU
		{F90478AE-EFA1-4CBE-8121-D30230C7ABB5}.Release|Any CPU.ActiveCfg = Release|Any CPU
		{F90478AE-EFA1-4CBE-8121-D30230C7ABB5}.Release|Any CPU.Build.0 = Release|Any CPU
		{F90478AE-EFA1-4CBE-8121-D30230C7ABB5}.Release|x64.ActiveCfg = Release|Any CPU
		{F90478AE-EFA1-4CBE-8121-D30230C7ABB5}.Release|x64.Build.0 = Release|Any CPU
		{F90478AE-EFA1-4CBE-8121-D30230C7ABB5}.Release|x86.ActiveCfg = Release|Any CPU
		{F90478AE-EFA1-4CBE-8121-D30230C7ABB5}.Release|x86.Build.0 = Release|Any CPU
		{62CCD06F-E9AB-4C7D-9302-E32F73548732}.Debug|Any CPU.ActiveCfg = Debug|Any CPU
		{62CCD06F-E9AB-4C7D-9302-E32F73548732}.Debug|Any CPU.Build.0 = Debug|Any CPU
		{62CCD06F-E9AB-4C7D-9302-E32F73548732}.Debug|x64.ActiveCfg = Debug|Any CPU
		{62CCD06F-E9AB-4C7D-9302-E32F73548732}.Debug|x64.Build.0 = Debug|Any CPU
		{62CCD06F-E9AB-4C7D-9302-E32F73548732}.Debug|x86.ActiveCfg = Debug|Any CPU
		{62CCD06F-E9AB-4C7D-9302-E32F73548732}.Debug|x86.Build.0 = Debug|Any CPU
		{62CCD06F-E9AB-4C7D-9302-E32F73548732}.Release|Any CPU.ActiveCfg = Release|Any CPU
		{62CCD06F-E9AB-4C7D-9302-E32F73548732}.Release|Any CPU.Build.0 = Release|Any CPU
		{62CCD06F-E9AB-4C7D-9302-E32F73548732}.Release|x64.ActiveCfg = Release|Any CPU
		{62CCD06F-E9AB-4C7D-9302-E32F73548732}.Release|x64.Build.0 = Release|Any CPU
		{62CCD06F-E9AB-4C7D-9302-E32F73548732}.Release|x86.ActiveCfg = Release|Any CPU
		{62CCD06F-E9AB-4C7D-9302-E32F73548732}.Release|x86.Build.0 = Release|Any CPU
	EndGlobalSection
	GlobalSection(SolutionProperties) = preSolution
		HideSolutionNode = FALSE
	EndGlobalSection
	GlobalSection(NestedProjects) = preSolution
		{7EE8C0E7-4CB7-4B40-B911-093797666D84} = {0AB3BF05-4346-4AA6-1389-037BE0695223}
		{A1769E8A-63F7-4813-966E-830E6CF9A7A8} = {0AB3BF05-4346-4AA6-1389-037BE0695223}
		{59EC57C5-70FC-4006-9F3C-797B0512223D} = {5D20AA90-6969-D8BD-9DCD-8634F4692FDA}
		{9CC80FD9-3F2A-4BCF-93FB-71B9F2AC1FDF} = {5D20AA90-6969-D8BD-9DCD-8634F4692FDA}
		{A3B4D149-ED75-4F09-B37C-738E0C05F6B5} = {09DF2EE5-5FE7-3EC7-59CB-CAD7E0928979}
		{A88AF081-D9A5-4A9D-B391-86DECE83284A} = {5D20AA90-6969-D8BD-9DCD-8634F4692FDA}
		{BC3F868A-7732-48C0-824A-A2C3BD613873} = {827E0CD3-B72D-47B6-A68D-7590B98EB39B}
		{F90478AE-EFA1-4CBE-8121-D30230C7ABB5} = {827E0CD3-B72D-47B6-A68D-7590B98EB39B}
		{62CCD06F-E9AB-4C7D-9302-E32F73548732} = {827E0CD3-B72D-47B6-A68D-7590B98EB39B}
	EndGlobalSection
EndGlobal
